
Microsoft Visual Studio Solution File, Format Version 12.00
# Visual Studio 2012
Project("{FAE04EC0-301F-11D3-BF4B-00C04F79EFBC}") = "GenAI.Core", "GenAI.Core\GenAI.Core.csproj", "{B56BF38F-F907-4ABA-BAF6-0D15C01100FA}"
EndProject
Project("{FAE04EC0-301F-11D3-BF4B-00C04F79EFBC}") = "GenAI.UI", "..\GenAI.UI\GenAI.UI.csproj", "{BE190943-AEF3-46CA-BC8B-52DCBB12B5A4}"
EndProject
Project("{FAE04EC0-301F-11D3-BF4B-00C04F79EFBC}") = "GenAI.Models", "..\GenAI.Models\GenAI.Models.csproj", "{26F02259-37E3-4D48-990B-F7DEB56783A6}"
EndProject
Project("{FAE04EC0-301F-11D3-BF4B-00C04F79EFBC}") = "GA", "..\GA\GA.csproj", "{1876D9C1-0ECC-4DB5-A33F-0080F839E6A8}"
EndProject
Global
	GlobalSection(SolutionConfigurationPlatforms) = preSolution
		Debug|Any CPU = Debug|Any CPU
		Release|Any CPU = Release|Any CPU
	EndGlobalSection
	GlobalSection(ProjectConfigurationPlatforms) = postSolution
		{B56BF38F-F907-4ABA-BAF6-0D15C01100FA}.Debug|Any CPU.ActiveCfg = Debug|Any CPU
		{B56BF38F-F907-4ABA-BAF6-0D15C01100FA}.Debug|Any CPU.Build.0 = Debug|Any CPU
		{B56BF38F-F907-4ABA-BAF6-0D15C01100FA}.Release|Any CPU.ActiveCfg = Release|Any CPU
		{B56BF38F-F907-4ABA-BAF6-0D15C01100FA}.Release|Any CPU.Build.0 = Release|Any CPU
		{BE190943-AEF3-46CA-BC8B-52DCBB12B5A4}.Debug|Any CPU.ActiveCfg = Debug|Any CPU
		{BE190943-AEF3-46CA-BC8B-52DCBB12B5A4}.Debug|Any CPU.Build.0 = Debug|Any CPU
		{BE190943-AEF3-46CA-BC8B-52DCBB12B5A4}.Release|Any CPU.ActiveCfg = Release|Any CPU
		{BE190943-AEF3-46CA-BC8B-52DCBB12B5A4}.Release|Any CPU.Build.0 = Release|Any CPU
		{26F02259-37E3-4D48-990B-F7DEB56783A6}.Debug|Any CPU.ActiveCfg = Debug|Any CPU
		{26F02259-37E3-4D48-990B-F7DEB56783A6}.Debug|Any CPU.Build.0 = Debug|Any CPU
		{26F02259-37E3-4D48-990B-F7DEB56783A6}.Release|Any CPU.ActiveCfg = Release|Any CPU
		{26F02259-37E3-4D48-990B-F7DEB56783A6}.Release|Any CPU.Build.0 = Release|Any CPU
		{1876D9C1-0ECC-4DB5-A33F-0080F839E6A8}.Debug|Any CPU.ActiveCfg = Debug|Any CPU
		{1876D9C1-0ECC-4DB5-A33F-0080F839E6A8}.Debug|Any CPU.Build.0 = Debug|Any CPU
		{1876D9C1-0ECC-4DB5-A33F-0080F839E6A8}.Release|Any CPU.ActiveCfg = Release|Any CPU
		{1876D9C1-0ECC-4DB5-A33F-0080F839E6A8}.Release|Any CPU.Build.0 = Release|Any CPU
	EndGlobalSection
	GlobalSection(SolutionProperties) = preSolution
		HideSolutionNode = FALSE
	EndGlobalSection
EndGlobal
